
Microsoft Visual Studio Solution File, Format Version 12.00
Project("{FAE04EC0-301F-11D3-BF4B-00C04F79EFBC}") = "UrubuDoPix.Domain", "UrubuDoPix.Domain\UrubuDoPix.Domain\UrubuDoPix.Domain.csproj", "{4FE68BD7-5DF3-444C-92FE-E011B8592487}"
EndProject
Project("{2150E333-8FDC-42A3-9474-1A3956D46DE8}") = "Domain", "Domain", "{C0F4AC09-B1E7-4AB3-A3D2-0D097B13956C}"
EndProject
Project("{FAE04EC0-301F-11D3-BF4B-00C04F79EFBC}") = "UrubuDoPix.Infra.Data", "UrubuDoPix.Infra\UrubuDoPix.Infra.Data\UrubuDoPix.Infra.Data.csproj", "{B5EFCA2C-6F9B-476B-B159-8CD3DDF1AC4E}"
EndProject
Project("{2150E333-8FDC-42A3-9474-1A3956D46DE8}") = "Infra", "Infra", "{6535E34D-F6B5-4CC3-AC6E-618356518E9E}"
EndProject
Project("{2150E333-8FDC-42A3-9474-1A3956D46DE8}") = "Application", "Application", "{356B3295-D9C6-41D7-AF19-B99F26D971BC}"
EndProject
Project("{2150E333-8FDC-42A3-9474-1A3956D46DE8}") = "Api", "Api", "{67379A3C-B540-475C-BEFD-5E5E1C5D57E4}"
EndProject
Project("{FAE04EC0-301F-11D3-BF4B-00C04F79EFBC}") = "UrubuDoPix.Application", "UrubuDoPix.Application\UrubuDoPix.Application\UrubuDoPix.Application.csproj", "{2724B811-B569-4EE3-8D55-2A52360D4B96}"
EndProject
Project("{FAE04EC0-301F-11D3-BF4B-00C04F79EFBC}") = "UrubuDoPix.Api", "UrubuDoPixApi\UrubuDoPix.Api\UrubuDoPix.Api.csproj", "{0E868D3C-2FFD-411C-B3F2-EAF4CD96D974}"
EndProject
Project("{FAE04EC0-301F-11D3-BF4B-00C04F79EFBC}") = "UrubuDoPix.Testes", "UrubuDoPix.Testes\UrubuDoPix.Testes.csproj", "{6EC5A7F9-E8D3-4F38-BC66-8778E77C001A}"
EndProject
Project("{2150E333-8FDC-42A3-9474-1A3956D46DE8}") = "Testes", "Testes", "{E4CB128F-4FC2-494D-916F-C35670F533BE}"
EndProject
Project("{2150E333-8FDC-42A3-9474-1A3956D46DE8}") = "CrossCutting", "CrossCutting", "{082A3E3A-3F67-4789-BCDD-F9E9EC39FF6F}"
EndProject
Project("{2150E333-8FDC-42A3-9474-1A3956D46DE8}") = "Data", "Data", "{A301BD2B-3383-4E83-A1AD-4F554A2C803D}"
EndProject
Project("{FAE04EC0-301F-11D3-BF4B-00C04F79EFBC}") = "UrubuDoPix.Infra.CrossCutting.HealthChecks", "UrubuDoPix.Infra.CrossCutting.HealthChecks\UrubuDoPix.Infra.CrossCutting.HealthChecks.csproj", "{46EF974D-1FE1-405D-9645-08F27746355A}"
EndProject
Project("{FAE04EC0-301F-11D3-BF4B-00C04F79EFBC}") = "UrubuDoPix.Infra.CrossCutting.IoC", "UrubuDoPix.Infra.CrossCutting.IoC\UrubuDoPix.Infra.CrossCutting.IoC.csproj", "{94118D98-9EA2-41ED-8C6F-8415F4EA22CF}"
EndProject
Global
	GlobalSection(SolutionConfigurationPlatforms) = preSolution
		Debug|Any CPU = Debug|Any CPU
		Release|Any CPU = Release|Any CPU
	EndGlobalSection
	GlobalSection(ProjectConfigurationPlatforms) = postSolution
		{4FE68BD7-5DF3-444C-92FE-E011B8592487}.Debug|Any CPU.ActiveCfg = Debug|Any CPU
		{4FE68BD7-5DF3-444C-92FE-E011B8592487}.Debug|Any CPU.Build.0 = Debug|Any CPU
		{4FE68BD7-5DF3-444C-92FE-E011B8592487}.Release|Any CPU.ActiveCfg = Release|Any CPU
		{4FE68BD7-5DF3-444C-92FE-E011B8592487}.Release|Any CPU.Build.0 = Release|Any CPU
		{B5EFCA2C-6F9B-476B-B159-8CD3DDF1AC4E}.Debug|Any CPU.ActiveCfg = Debug|Any CPU
		{B5EFCA2C-6F9B-476B-B159-8CD3DDF1AC4E}.Debug|Any CPU.Build.0 = Debug|Any CPU
		{B5EFCA2C-6F9B-476B-B159-8CD3DDF1AC4E}.Release|Any CPU.ActiveCfg = Release|Any CPU
		{B5EFCA2C-6F9B-476B-B159-8CD3DDF1AC4E}.Release|Any CPU.Build.0 = Release|Any CPU
		{2724B811-B569-4EE3-8D55-2A52360D4B96}.Debug|Any CPU.ActiveCfg = Debug|Any CPU
		{2724B811-B569-4EE3-8D55-2A52360D4B96}.Debug|Any CPU.Build.0 = Debug|Any CPU
		{2724B811-B569-4EE3-8D55-2A52360D4B96}.Release|Any CPU.ActiveCfg = Release|Any CPU
		{2724B811-B569-4EE3-8D55-2A52360D4B96}.Release|Any CPU.Build.0 = Release|Any CPU
		{0E868D3C-2FFD-411C-B3F2-EAF4CD96D974}.Debug|Any CPU.ActiveCfg = Debug|Any CPU
		{0E868D3C-2FFD-411C-B3F2-EAF4CD96D974}.Debug|Any CPU.Build.0 = Debug|Any CPU
		{0E868D3C-2FFD-411C-B3F2-EAF4CD96D974}.Release|Any CPU.ActiveCfg = Release|Any CPU
		{0E868D3C-2FFD-411C-B3F2-EAF4CD96D974}.Release|Any CPU.Build.0 = Release|Any CPU
		{6EC5A7F9-E8D3-4F38-BC66-8778E77C001A}.Debug|Any CPU.ActiveCfg = Debug|Any CPU
		{6EC5A7F9-E8D3-4F38-BC66-8778E77C001A}.Debug|Any CPU.Build.0 = Debug|Any CPU
		{6EC5A7F9-E8D3-4F38-BC66-8778E77C001A}.Release|Any CPU.ActiveCfg = Release|Any CPU
		{6EC5A7F9-E8D3-4F38-BC66-8778E77C001A}.Release|Any CPU.Build.0 = Release|Any CPU
		{46EF974D-1FE1-405D-9645-08F27746355A}.Debug|Any CPU.ActiveCfg = Debug|Any CPU
		{46EF974D-1FE1-405D-9645-08F27746355A}.Debug|Any CPU.Build.0 = Debug|Any CPU
		{46EF974D-1FE1-405D-9645-08F27746355A}.Release|Any CPU.ActiveCfg = Release|Any CPU
		{46EF974D-1FE1-405D-9645-08F27746355A}.Release|Any CPU.Build.0 = Release|Any CPU
		{94118D98-9EA2-41ED-8C6F-8415F4EA22CF}.Debug|Any CPU.ActiveCfg = Debug|Any CPU
		{94118D98-9EA2-41ED-8C6F-8415F4EA22CF}.Debug|Any CPU.Build.0 = Debug|Any CPU
		{94118D98-9EA2-41ED-8C6F-8415F4EA22CF}.Release|Any CPU.ActiveCfg = Release|Any CPU
		{94118D98-9EA2-41ED-8C6F-8415F4EA22CF}.Release|Any CPU.Build.0 = Release|Any CPU
	EndGlobalSection
	GlobalSection(NestedProjects) = preSolution
		{4FE68BD7-5DF3-444C-92FE-E011B8592487} = {C0F4AC09-B1E7-4AB3-A3D2-0D097B13956C}
		{2724B811-B569-4EE3-8D55-2A52360D4B96} = {356B3295-D9C6-41D7-AF19-B99F26D971BC}
		{0E868D3C-2FFD-411C-B3F2-EAF4CD96D974} = {67379A3C-B540-475C-BEFD-5E5E1C5D57E4}
		{6EC5A7F9-E8D3-4F38-BC66-8778E77C001A} = {E4CB128F-4FC2-494D-916F-C35670F533BE}
		{082A3E3A-3F67-4789-BCDD-F9E9EC39FF6F} = {6535E34D-F6B5-4CC3-AC6E-618356518E9E}
		{A301BD2B-3383-4E83-A1AD-4F554A2C803D} = {6535E34D-F6B5-4CC3-AC6E-618356518E9E}
		{B5EFCA2C-6F9B-476B-B159-8CD3DDF1AC4E} = {A301BD2B-3383-4E83-A1AD-4F554A2C803D}
		{46EF974D-1FE1-405D-9645-08F27746355A} = {082A3E3A-3F67-4789-BCDD-F9E9EC39FF6F}
		{94118D98-9EA2-41ED-8C6F-8415F4EA22CF} = {082A3E3A-3F67-4789-BCDD-F9E9EC39FF6F}
	EndGlobalSection
EndGlobal
